
Microsoft Visual Studio Solution File, Format Version 12.00
# Visual Studio Version 16
VisualStudioVersion = 16.0.29926.136
MinimumVisualStudioVersion = 10.0.40219.1
Project("{FAE04EC0-301F-11D3-BF4B-00C04F79EFBC}") = "ConsoleApp1", "ConsoleApp1\ConsoleApp1.csproj", "{93CA7AEE-4462-4660-B847-2597250F7DAA}"
EndProject
Global
	GlobalSection(SolutionConfigurationPlatforms) = preSolution
		Debug|Any CPU = Debug|Any CPU
		Release|Any CPU = Release|Any CPU
	EndGlobalSection
	GlobalSection(ProjectConfigurationPlatforms) = postSolution
		{93CA7AEE-4462-4660-B847-2597250F7DAA}.Debug|Any CPU.ActiveCfg = Debug|Any CPU
		{93CA7AEE-4462-4660-B847-2597250F7DAA}.Debug|Any CPU.Build.0 = Debug|Any CPU
		{93CA7AEE-4462-4660-B847-2597250F7DAA}.Release|Any CPU.ActiveCfg = Release|Any CPU
		{93CA7AEE-4462-4660-B847-2597250F7DAA}.Release|Any CPU.Build.0 = Release|Any CPU
	EndGlobalSection
	GlobalSection(SolutionProperties) = preSolution
		HideSolutionNode = FALSE
	EndGlobalSection
	GlobalSection(ExtensibilityGlobals) = postSolution
		SolutionGuid = {D68675D6-1B20-4291-AF71-8B84340B13FA}
	EndGlobalSection
EndGlobal
